
Microsoft Visual Studio Solution File, Format Version 11.00
# Visual Studio 2010
Project("{FAE04EC0-301F-11D3-BF4B-00C04F79EFBC}") = "growMeSteps", "Assembly-CSharp.csproj", "{529F6EF8-8A36-2B5D-65E6-548AC78025E8}"
EndProject
Project("{FAE04EC0-301F-11D3-BF4B-00C04F79EFBC}") = "growMeSteps", "Assembly-CSharp-firstpass.csproj", "{CD8D2597-1AA7-95FA-ED3D-AB4F06129D41}"
EndProject
Project("{FAE04EC0-301F-11D3-BF4B-00C04F79EFBC}") = "growMeSteps", "Assembly-CSharp-Editor-firstpass.csproj", "{FF0D9FA7-7E45-1B94-62A3-38B0ECAC9647}"
EndProject
Global
	GlobalSection(SolutionConfigurationPlatforms) = preSolution
		Debug|Any CPU = Debug|Any CPU
		Release|Any CPU = Release|Any CPU
	EndGlobalSection
	GlobalSection(ProjectConfigurationPlatforms) = postSolution
		{529F6EF8-8A36-2B5D-65E6-548AC78025E8}.Debug|Any CPU.ActiveCfg = Debug|Any CPU
		{529F6EF8-8A36-2B5D-65E6-548AC78025E8}.Debug|Any CPU.Build.0 = Debug|Any CPU
		{529F6EF8-8A36-2B5D-65E6-548AC78025E8}.Release|Any CPU.ActiveCfg = Release|Any CPU
		{529F6EF8-8A36-2B5D-65E6-548AC78025E8}.Release|Any CPU.Build.0 = Release|Any CPU
		{CD8D2597-1AA7-95FA-ED3D-AB4F06129D41}.Debug|Any CPU.ActiveCfg = Debug|Any CPU
		{CD8D2597-1AA7-95FA-ED3D-AB4F06129D41}.Debug|Any CPU.Build.0 = Debug|Any CPU
		{CD8D2597-1AA7-95FA-ED3D-AB4F06129D41}.Release|Any CPU.ActiveCfg = Release|Any CPU
		{CD8D2597-1AA7-95FA-ED3D-AB4F06129D41}.Release|Any CPU.Build.0 = Release|Any CPU
		{FF0D9FA7-7E45-1B94-62A3-38B0ECAC9647}.Debug|Any CPU.ActiveCfg = Debug|Any CPU
		{FF0D9FA7-7E45-1B94-62A3-38B0ECAC9647}.Debug|Any CPU.Build.0 = Debug|Any CPU
		{FF0D9FA7-7E45-1B94-62A3-38B0ECAC9647}.Release|Any CPU.ActiveCfg = Release|Any CPU
		{FF0D9FA7-7E45-1B94-62A3-38B0ECAC9647}.Release|Any CPU.Build.0 = Release|Any CPU
	EndGlobalSection
	GlobalSection(SolutionProperties) = preSolution
		HideSolutionNode = FALSE
	EndGlobalSection
	GlobalSection(MonoDevelopProperties) = preSolution
		StartupItem = Assembly-CSharp.csproj
	EndGlobalSection
EndGlobal
